
Microsoft Visual Studio Solution File, Format Version 12.00
# Visual Studio Version 17
VisualStudioVersion = 17.2.32602.215
MinimumVisualStudioVersion = 10.0.40219.1
Project("{9A19103F-16F7-4668-BE54-9A1E7A4F7556}") = "ProgettoFed", "ProgettoFed\ProgettoFed.csproj", "{7595A9EA-D8D6-4E77-BDD6-ACFF4EF53EF6}"
EndProject
Project("{2150E333-8FDC-42A3-9474-1A3956D46DE8}") = "Solution Items", "Solution Items", "{ED95E8B3-29AF-4F59-9AB2-E13D74305B49}"
	ProjectSection(SolutionItems) = preProject
		.editorconfig = .editorconfig
	EndProjectSection
EndProject
Global
	GlobalSection(SolutionConfigurationPlatforms) = preSolution
		Debug|Any CPU = Debug|Any CPU
		Release|Any CPU = Release|Any CPU
	EndGlobalSection
	GlobalSection(ProjectConfigurationPlatforms) = postSolution
		{7595A9EA-D8D6-4E77-BDD6-ACFF4EF53EF6}.Debug|Any CPU.ActiveCfg = Debug|Any CPU
		{7595A9EA-D8D6-4E77-BDD6-ACFF4EF53EF6}.Debug|Any CPU.Build.0 = Debug|Any CPU
		{7595A9EA-D8D6-4E77-BDD6-ACFF4EF53EF6}.Release|Any CPU.ActiveCfg = Release|Any CPU
		{7595A9EA-D8D6-4E77-BDD6-ACFF4EF53EF6}.Release|Any CPU.Build.0 = Release|Any CPU
	EndGlobalSection
	GlobalSection(SolutionProperties) = preSolution
		HideSolutionNode = FALSE
	EndGlobalSection
	GlobalSection(ExtensibilityGlobals) = postSolution
		SolutionGuid = {6030345F-162F-4363-AACD-A074C1A94B78}
	EndGlobalSection
EndGlobal
